
Microsoft Visual Studio Solution File, Format Version 12.00
# Visual Studio Version 17
VisualStudioVersion = 17.11.35208.52
MinimumVisualStudioVersion = 10.0.40219.1
Project("{9A19103F-16F7-4668-BE54-9A1E7A4F7556}") = "BlogAPP", "BlogAPP\BlogAPP.csproj", "{CC3E204D-E8D0-45CF-B478-62D1412FAE2A}"
EndProject
Project("{E53339B2-1760-4266-BCC7-CA923CBCF16C}") = "docker-compose", "docker-compose.dcproj", "{3BB0F4E0-BCA0-4CD3-852D-6FA2EB04BC14}"
EndProject
Global
	GlobalSection(SolutionConfigurationPlatforms) = preSolution
		Debug|Any CPU = Debug|Any CPU
		Release|Any CPU = Release|Any CPU
	EndGlobalSection
	GlobalSection(ProjectConfigurationPlatforms) = postSolution
		{CC3E204D-E8D0-45CF-B478-62D1412FAE2A}.Debug|Any CPU.ActiveCfg = Debug|Any CPU
		{CC3E204D-E8D0-45CF-B478-62D1412FAE2A}.Debug|Any CPU.Build.0 = Debug|Any CPU
		{CC3E204D-E8D0-45CF-B478-62D1412FAE2A}.Release|Any CPU.ActiveCfg = Release|Any CPU
		{CC3E204D-E8D0-45CF-B478-62D1412FAE2A}.Release|Any CPU.Build.0 = Release|Any CPU
		{3BB0F4E0-BCA0-4CD3-852D-6FA2EB04BC14}.Debug|Any CPU.ActiveCfg = Debug|Any CPU
		{3BB0F4E0-BCA0-4CD3-852D-6FA2EB04BC14}.Debug|Any CPU.Build.0 = Debug|Any CPU
		{3BB0F4E0-BCA0-4CD3-852D-6FA2EB04BC14}.Release|Any CPU.ActiveCfg = Release|Any CPU
		{3BB0F4E0-BCA0-4CD3-852D-6FA2EB04BC14}.Release|Any CPU.Build.0 = Release|Any CPU
	EndGlobalSection
	GlobalSection(SolutionProperties) = preSolution
		HideSolutionNode = FALSE
	EndGlobalSection
	GlobalSection(ExtensibilityGlobals) = postSolution
		SolutionGuid = {845D3011-A3CF-43B9-804E-202B434B707C}
	EndGlobalSection
EndGlobal
